
Microsoft Visual Studio Solution File, Format Version 12.00
# Visual Studio 14
VisualStudioVersion = 14.0.25420.1
MinimumVisualStudioVersion = 10.0.40219.1
Project("{8BC9CEB8-8B4A-11D0-8D11-00A0C91BC942}") = "OpenGLView", "OpenGLView\OpenGLView.vcxproj", "{2D168E14-C22D-4429-B97C-AF5D41010E48}"
EndProject
Project("{8BC9CEB8-8B4A-11D0-8D11-00A0C91BC942}") = "OpenGLUtil", "OpenGLUtil\OpenGLUtil.vcxproj", "{CC937530-6B2A-4538-B764-71DFE8D84C89}"
EndProject
Project("{8BC9CEB8-8B4A-11D0-8D11-00A0C91BC942}") = "RenderCore", "RenderCore\RenderCore.vcxproj", "{2C2FBE4D-B211-473E-9A93-3393C5E3BC4F}"
EndProject
Project("{8BC9CEB8-8B4A-11D0-8D11-00A0C91BC942}") = "RenderCoreWrap", "RenderCoreWrap\RenderCoreWrap.vcxproj", "{49B581B8-58E2-4E1F-A0EF-1A83A9224B40}"
EndProject
Project("{8BC9CEB8-8B4A-11D0-8D11-00A0C91BC942}") = "RayRendererGLUT", "RayRendererGLUT\RayRendererGLUT.vcxproj", "{C5ACBDCF-D02A-4449-8F5B-B079D88DBEE9}"
EndProject
Project("{8BC9CEB8-8B4A-11D0-8D11-00A0C91BC942}") = "3DBasic", "3DBasic\3DBasic.vcxitems", "{45D41ACC-2C3C-43D2-BC10-02AA73FFC7C7}"
EndProject
Global
	GlobalSection(SolutionConfigurationPlatforms) = preSolution
		Debug|x64 = Debug|x64
		Debug|x86 = Debug|x86
		Release|x64 = Release|x64
		Release|x86 = Release|x86
	EndGlobalSection
	GlobalSection(ProjectConfigurationPlatforms) = postSolution
		{2D168E14-C22D-4429-B97C-AF5D41010E48}.Debug|x64.ActiveCfg = Debug|x64
		{2D168E14-C22D-4429-B97C-AF5D41010E48}.Debug|x64.Build.0 = Debug|x64
		{2D168E14-C22D-4429-B97C-AF5D41010E48}.Debug|x86.ActiveCfg = Debug|Win32
		{2D168E14-C22D-4429-B97C-AF5D41010E48}.Debug|x86.Build.0 = Debug|Win32
		{2D168E14-C22D-4429-B97C-AF5D41010E48}.Release|x64.ActiveCfg = Release|x64
		{2D168E14-C22D-4429-B97C-AF5D41010E48}.Release|x64.Build.0 = Release|x64
		{2D168E14-C22D-4429-B97C-AF5D41010E48}.Release|x86.ActiveCfg = Release|Win32
		{2D168E14-C22D-4429-B97C-AF5D41010E48}.Release|x86.Build.0 = Release|Win32
		{CC937530-6B2A-4538-B764-71DFE8D84C89}.Debug|x64.ActiveCfg = Debug|x64
		{CC937530-6B2A-4538-B764-71DFE8D84C89}.Debug|x64.Build.0 = Debug|x64
		{CC937530-6B2A-4538-B764-71DFE8D84C89}.Debug|x86.ActiveCfg = Debug|Win32
		{CC937530-6B2A-4538-B764-71DFE8D84C89}.Debug|x86.Build.0 = Debug|Win32
		{CC937530-6B2A-4538-B764-71DFE8D84C89}.Release|x64.ActiveCfg = Release|x64
		{CC937530-6B2A-4538-B764-71DFE8D84C89}.Release|x64.Build.0 = Release|x64
		{CC937530-6B2A-4538-B764-71DFE8D84C89}.Release|x86.ActiveCfg = Release|Win32
		{CC937530-6B2A-4538-B764-71DFE8D84C89}.Release|x86.Build.0 = Release|Win32
		{2C2FBE4D-B211-473E-9A93-3393C5E3BC4F}.Debug|x64.ActiveCfg = Debug|x64
		{2C2FBE4D-B211-473E-9A93-3393C5E3BC4F}.Debug|x64.Build.0 = Debug|x64
		{2C2FBE4D-B211-473E-9A93-3393C5E3BC4F}.Debug|x86.ActiveCfg = Debug|Win32
		{2C2FBE4D-B211-473E-9A93-3393C5E3BC4F}.Debug|x86.Build.0 = Debug|Win32
		{2C2FBE4D-B211-473E-9A93-3393C5E3BC4F}.Release|x64.ActiveCfg = Release|x64
		{2C2FBE4D-B211-473E-9A93-3393C5E3BC4F}.Release|x64.Build.0 = Release|x64
		{2C2FBE4D-B211-473E-9A93-3393C5E3BC4F}.Release|x86.ActiveCfg = Release|Win32
		{2C2FBE4D-B211-473E-9A93-3393C5E3BC4F}.Release|x86.Build.0 = Release|Win32
		{49B581B8-58E2-4E1F-A0EF-1A83A9224B40}.Debug|x64.ActiveCfg = Debug|x64
		{49B581B8-58E2-4E1F-A0EF-1A83A9224B40}.Debug|x64.Build.0 = Debug|x64
		{49B581B8-58E2-4E1F-A0EF-1A83A9224B40}.Debug|x86.ActiveCfg = Debug|Win32
		{49B581B8-58E2-4E1F-A0EF-1A83A9224B40}.Debug|x86.Build.0 = Debug|Win32
		{49B581B8-58E2-4E1F-A0EF-1A83A9224B40}.Release|x64.ActiveCfg = Release|x64
		{49B581B8-58E2-4E1F-A0EF-1A83A9224B40}.Release|x64.Build.0 = Release|x64
		{49B581B8-58E2-4E1F-A0EF-1A83A9224B40}.Release|x86.ActiveCfg = Release|Win32
		{49B581B8-58E2-4E1F-A0EF-1A83A9224B40}.Release|x86.Build.0 = Release|Win32
		{C5ACBDCF-D02A-4449-8F5B-B079D88DBEE9}.Debug|x64.ActiveCfg = Debug|x64
		{C5ACBDCF-D02A-4449-8F5B-B079D88DBEE9}.Debug|x64.Build.0 = Debug|x64
		{C5ACBDCF-D02A-4449-8F5B-B079D88DBEE9}.Debug|x86.ActiveCfg = Debug|Win32
		{C5ACBDCF-D02A-4449-8F5B-B079D88DBEE9}.Debug|x86.Build.0 = Debug|Win32
		{C5ACBDCF-D02A-4449-8F5B-B079D88DBEE9}.Release|x64.ActiveCfg = Release|x64
		{C5ACBDCF-D02A-4449-8F5B-B079D88DBEE9}.Release|x64.Build.0 = Release|x64
		{C5ACBDCF-D02A-4449-8F5B-B079D88DBEE9}.Release|x86.ActiveCfg = Release|Win32
		{C5ACBDCF-D02A-4449-8F5B-B079D88DBEE9}.Release|x86.Build.0 = Release|Win32
	EndGlobalSection
	GlobalSection(SolutionProperties) = preSolution
		HideSolutionNode = FALSE
	EndGlobalSection
EndGlobal
