
Microsoft Visual Studio Solution File, Format Version 12.00
# Visual Studio 14
VisualStudioVersion = 14.0.25420.1
MinimumVisualStudioVersion = 10.0.40219.1
Project("{8BC9CEB8-8B4A-11D0-8D11-00A0C91BC942}") = "OpenGLView", "OpenGLView\OpenGLView.vcxproj", "{2D168E14-C22D-4429-B97C-AF5D41010E48}"
EndProject
Project("{8BC9CEB8-8B4A-11D0-8D11-00A0C91BC942}") = "OpenGLUtil", "OpenGLUtil\OpenGLUtil.vcxproj", "{CC937530-6B2A-4538-B764-71DFE8D84C89}"
EndProject
Project("{8BC9CEB8-8B4A-11D0-8D11-00A0C91BC942}") = "RenderCore", "RenderCore\RenderCore.vcxproj", "{2C2FBE4D-B211-473E-9A93-3393C5E3BC4F}"
EndProject
Project("{8BC9CEB8-8B4A-11D0-8D11-00A0C91BC942}") = "RenderCoreWrap", "RenderCoreWrap\RenderCoreWrap.vcxproj", "{49B581B8-58E2-4E1F-A0EF-1A83A9224B40}"
EndProject
Project("{8BC9CEB8-8B4A-11D0-8D11-00A0C91BC942}") = "RayRendererGLUT", "RayRendererGLUT\RayRendererGLUT.vcxproj", "{C5ACBDCF-D02A-4449-8F5B-B079D88DBEE9}"
EndProject
Project("{8BC9CEB8-8B4A-11D0-8D11-00A0C91BC942}") = "3DBasic", "3DBasic\3DBasic.vcxitems", "{45D41ACC-2C3C-43D2-BC10-02AA73FFC7C7}"
EndProject
Project("{8BC9CEB8-8B4A-11D0-8D11-00A0C91BC942}") = "FreeGLUTView", "FreeGLUTView\FreeGLUTView.vcxproj", "{944B3981-336E-4807-B5BE-55B8F05920D4}"
EndProject
Project("{8BC9CEB8-8B4A-11D0-8D11-00A0C91BC942}") = "GLUTTest", "GLUTTest\GLUTTest.vcxproj", "{77EF1FBD-1484-45C8-B7B9-3C61E65E48BA}"
EndProject
Project("{FAE04EC0-301F-11D3-BF4B-00C04F79EFBC}") = "WinFormTest", "WinFormTest\WinFormTest.csproj", "{DCBA4154-B0E9-4D78-846B-7F8489EC6B59}"
EndProject
Project("{2150E333-8FDC-42A3-9474-1A3956D46DE8}") = "Solution Items", "Solution Items", "{3852083F-B857-4C65-BA1D-BC2A614C8D24}"
	ProjectSection(SolutionItems) = preProject
		License.txt = License.txt
		README.md = README.md
	EndProjectSection
EndProject
Project("{2150E333-8FDC-42A3-9474-1A3956D46DE8}") = "License", "License", "{561A1798-4D87-4EF2-9CA4-4823AF845810}"
	ProjectSection(SolutionItems) = preProject
		License\boost.txt = License\boost.txt
		License\freeglut.txt = License\freeglut.txt
		License\glew.txt = License\glew.txt
	EndProjectSection
EndProject
Global
	GlobalSection(SolutionConfigurationPlatforms) = preSolution
		Debug|Any CPU = Debug|Any CPU
		Debug|x64 = Debug|x64
		Debug|x86 = Debug|x86
		Release|Any CPU = Release|Any CPU
		Release|x64 = Release|x64
		Release|x86 = Release|x86
	EndGlobalSection
	GlobalSection(ProjectConfigurationPlatforms) = postSolution
		{2D168E14-C22D-4429-B97C-AF5D41010E48}.Debug|Any CPU.ActiveCfg = Debug|Win32
		{2D168E14-C22D-4429-B97C-AF5D41010E48}.Debug|x64.ActiveCfg = Debug|x64
		{2D168E14-C22D-4429-B97C-AF5D41010E48}.Debug|x64.Build.0 = Debug|x64
		{2D168E14-C22D-4429-B97C-AF5D41010E48}.Debug|x86.ActiveCfg = Debug|Win32
		{2D168E14-C22D-4429-B97C-AF5D41010E48}.Debug|x86.Build.0 = Debug|Win32
		{2D168E14-C22D-4429-B97C-AF5D41010E48}.Release|Any CPU.ActiveCfg = Release|Win32
		{2D168E14-C22D-4429-B97C-AF5D41010E48}.Release|x64.ActiveCfg = Release|x64
		{2D168E14-C22D-4429-B97C-AF5D41010E48}.Release|x64.Build.0 = Release|x64
		{2D168E14-C22D-4429-B97C-AF5D41010E48}.Release|x86.ActiveCfg = Release|Win32
		{2D168E14-C22D-4429-B97C-AF5D41010E48}.Release|x86.Build.0 = Release|Win32
		{CC937530-6B2A-4538-B764-71DFE8D84C89}.Debug|Any CPU.ActiveCfg = Debug|Win32
		{CC937530-6B2A-4538-B764-71DFE8D84C89}.Debug|x64.ActiveCfg = Debug|x64
		{CC937530-6B2A-4538-B764-71DFE8D84C89}.Debug|x64.Build.0 = Debug|x64
		{CC937530-6B2A-4538-B764-71DFE8D84C89}.Debug|x86.ActiveCfg = Debug|Win32
		{CC937530-6B2A-4538-B764-71DFE8D84C89}.Debug|x86.Build.0 = Debug|Win32
		{CC937530-6B2A-4538-B764-71DFE8D84C89}.Release|Any CPU.ActiveCfg = Release|Win32
		{CC937530-6B2A-4538-B764-71DFE8D84C89}.Release|x64.ActiveCfg = Release|x64
		{CC937530-6B2A-4538-B764-71DFE8D84C89}.Release|x64.Build.0 = Release|x64
		{CC937530-6B2A-4538-B764-71DFE8D84C89}.Release|x86.ActiveCfg = Release|Win32
		{CC937530-6B2A-4538-B764-71DFE8D84C89}.Release|x86.Build.0 = Release|Win32
		{2C2FBE4D-B211-473E-9A93-3393C5E3BC4F}.Debug|Any CPU.ActiveCfg = Debug|Win32
		{2C2FBE4D-B211-473E-9A93-3393C5E3BC4F}.Debug|x64.ActiveCfg = Debug|x64
		{2C2FBE4D-B211-473E-9A93-3393C5E3BC4F}.Debug|x64.Build.0 = Debug|x64
		{2C2FBE4D-B211-473E-9A93-3393C5E3BC4F}.Debug|x86.ActiveCfg = Debug|Win32
		{2C2FBE4D-B211-473E-9A93-3393C5E3BC4F}.Debug|x86.Build.0 = Debug|Win32
		{2C2FBE4D-B211-473E-9A93-3393C5E3BC4F}.Release|Any CPU.ActiveCfg = Release|Win32
		{2C2FBE4D-B211-473E-9A93-3393C5E3BC4F}.Release|x64.ActiveCfg = Release|x64
		{2C2FBE4D-B211-473E-9A93-3393C5E3BC4F}.Release|x64.Build.0 = Release|x64
		{2C2FBE4D-B211-473E-9A93-3393C5E3BC4F}.Release|x86.ActiveCfg = Release|Win32
		{2C2FBE4D-B211-473E-9A93-3393C5E3BC4F}.Release|x86.Build.0 = Release|Win32
		{49B581B8-58E2-4E1F-A0EF-1A83A9224B40}.Debug|Any CPU.ActiveCfg = Debug|Win32
		{49B581B8-58E2-4E1F-A0EF-1A83A9224B40}.Debug|x64.ActiveCfg = Debug|x64
		{49B581B8-58E2-4E1F-A0EF-1A83A9224B40}.Debug|x64.Build.0 = Debug|x64
		{49B581B8-58E2-4E1F-A0EF-1A83A9224B40}.Debug|x86.ActiveCfg = Debug|Win32
		{49B581B8-58E2-4E1F-A0EF-1A83A9224B40}.Debug|x86.Build.0 = Debug|Win32
		{49B581B8-58E2-4E1F-A0EF-1A83A9224B40}.Release|Any CPU.ActiveCfg = Release|Win32
		{49B581B8-58E2-4E1F-A0EF-1A83A9224B40}.Release|x64.ActiveCfg = Release|x64
		{49B581B8-58E2-4E1F-A0EF-1A83A9224B40}.Release|x64.Build.0 = Release|x64
		{49B581B8-58E2-4E1F-A0EF-1A83A9224B40}.Release|x86.ActiveCfg = Release|Win32
		{49B581B8-58E2-4E1F-A0EF-1A83A9224B40}.Release|x86.Build.0 = Release|Win32
		{C5ACBDCF-D02A-4449-8F5B-B079D88DBEE9}.Debug|Any CPU.ActiveCfg = Debug|Win32
		{C5ACBDCF-D02A-4449-8F5B-B079D88DBEE9}.Debug|x64.ActiveCfg = Debug|x64
		{C5ACBDCF-D02A-4449-8F5B-B079D88DBEE9}.Debug|x64.Build.0 = Debug|x64
		{C5ACBDCF-D02A-4449-8F5B-B079D88DBEE9}.Debug|x86.ActiveCfg = Debug|Win32
		{C5ACBDCF-D02A-4449-8F5B-B079D88DBEE9}.Debug|x86.Build.0 = Debug|Win32
		{C5ACBDCF-D02A-4449-8F5B-B079D88DBEE9}.Release|Any CPU.ActiveCfg = Release|Win32
		{C5ACBDCF-D02A-4449-8F5B-B079D88DBEE9}.Release|x64.ActiveCfg = Release|x64
		{C5ACBDCF-D02A-4449-8F5B-B079D88DBEE9}.Release|x64.Build.0 = Release|x64
		{C5ACBDCF-D02A-4449-8F5B-B079D88DBEE9}.Release|x86.ActiveCfg = Release|Win32
		{C5ACBDCF-D02A-4449-8F5B-B079D88DBEE9}.Release|x86.Build.0 = Release|Win32
		{944B3981-336E-4807-B5BE-55B8F05920D4}.Debug|Any CPU.ActiveCfg = Debug|Win32
		{944B3981-336E-4807-B5BE-55B8F05920D4}.Debug|x64.ActiveCfg = Debug|x64
		{944B3981-336E-4807-B5BE-55B8F05920D4}.Debug|x64.Build.0 = Debug|x64
		{944B3981-336E-4807-B5BE-55B8F05920D4}.Debug|x86.ActiveCfg = Debug|Win32
		{944B3981-336E-4807-B5BE-55B8F05920D4}.Debug|x86.Build.0 = Debug|Win32
		{944B3981-336E-4807-B5BE-55B8F05920D4}.Release|Any CPU.ActiveCfg = Release|Win32
		{944B3981-336E-4807-B5BE-55B8F05920D4}.Release|x64.ActiveCfg = Release|x64
		{944B3981-336E-4807-B5BE-55B8F05920D4}.Release|x64.Build.0 = Release|x64
		{944B3981-336E-4807-B5BE-55B8F05920D4}.Release|x86.ActiveCfg = Release|Win32
		{944B3981-336E-4807-B5BE-55B8F05920D4}.Release|x86.Build.0 = Release|Win32
		{77EF1FBD-1484-45C8-B7B9-3C61E65E48BA}.Debug|Any CPU.ActiveCfg = Debug|Win32
		{77EF1FBD-1484-45C8-B7B9-3C61E65E48BA}.Debug|x64.ActiveCfg = Debug|x64
		{77EF1FBD-1484-45C8-B7B9-3C61E65E48BA}.Debug|x64.Build.0 = Debug|x64
		{77EF1FBD-1484-45C8-B7B9-3C61E65E48BA}.Debug|x86.ActiveCfg = Debug|Win32
		{77EF1FBD-1484-45C8-B7B9-3C61E65E48BA}.Debug|x86.Build.0 = Debug|Win32
		{77EF1FBD-1484-45C8-B7B9-3C61E65E48BA}.Debug|x86.Deploy.0 = Debug|Win32
		{77EF1FBD-1484-45C8-B7B9-3C61E65E48BA}.Release|Any CPU.ActiveCfg = Release|Win32
		{77EF1FBD-1484-45C8-B7B9-3C61E65E48BA}.Release|x64.ActiveCfg = Release|x64
		{77EF1FBD-1484-45C8-B7B9-3C61E65E48BA}.Release|x64.Build.0 = Release|x64
		{77EF1FBD-1484-45C8-B7B9-3C61E65E48BA}.Release|x86.ActiveCfg = Release|Win32
		{77EF1FBD-1484-45C8-B7B9-3C61E65E48BA}.Release|x86.Build.0 = Release|Win32
		{77EF1FBD-1484-45C8-B7B9-3C61E65E48BA}.Release|x86.Deploy.0 = Release|Win32
		{DCBA4154-B0E9-4D78-846B-7F8489EC6B59}.Debug|Any CPU.ActiveCfg = Debug|Any CPU
		{DCBA4154-B0E9-4D78-846B-7F8489EC6B59}.Debug|Any CPU.Build.0 = Debug|Any CPU
		{DCBA4154-B0E9-4D78-846B-7F8489EC6B59}.Debug|x64.ActiveCfg = Debug|Any CPU
		{DCBA4154-B0E9-4D78-846B-7F8489EC6B59}.Debug|x64.Build.0 = Debug|Any CPU
		{DCBA4154-B0E9-4D78-846B-7F8489EC6B59}.Debug|x86.ActiveCfg = Debug|Any CPU
		{DCBA4154-B0E9-4D78-846B-7F8489EC6B59}.Debug|x86.Build.0 = Debug|Any CPU
		{DCBA4154-B0E9-4D78-846B-7F8489EC6B59}.Release|Any CPU.ActiveCfg = Release|Any CPU
		{DCBA4154-B0E9-4D78-846B-7F8489EC6B59}.Release|Any CPU.Build.0 = Release|Any CPU
		{DCBA4154-B0E9-4D78-846B-7F8489EC6B59}.Release|x64.ActiveCfg = Release|Any CPU
		{DCBA4154-B0E9-4D78-846B-7F8489EC6B59}.Release|x64.Build.0 = Release|Any CPU
		{DCBA4154-B0E9-4D78-846B-7F8489EC6B59}.Release|x86.ActiveCfg = Release|Any CPU
		{DCBA4154-B0E9-4D78-846B-7F8489EC6B59}.Release|x86.Build.0 = Release|Any CPU
	EndGlobalSection
	GlobalSection(SolutionProperties) = preSolution
		HideSolutionNode = FALSE
	EndGlobalSection
EndGlobal
