
Microsoft Visual Studio Solution File, Format Version 12.00
# Visual Studio 15
VisualStudioVersion = 15.0.27130.2036
MinimumVisualStudioVersion = 10.0.40219.1
Project("{8BC9CEB8-8B4A-11D0-8D11-00A0C91BC942}") = "OpenGLView", "OpenGLView\OpenGLView.vcxproj", "{2D168E14-C22D-4429-B97C-AF5D41010E48}"
EndProject
Project("{8BC9CEB8-8B4A-11D0-8D11-00A0C91BC942}") = "OpenGLUtil", "OpenGLUtil\OpenGLUtil.vcxproj", "{CC937530-6B2A-4538-B764-71DFE8D84C89}"
EndProject
Project("{8BC9CEB8-8B4A-11D0-8D11-00A0C91BC942}") = "RenderCore", "RenderCore\RenderCore.vcxproj", "{2C2FBE4D-B211-473E-9A93-3393C5E3BC4F}"
EndProject
Project("{8BC9CEB8-8B4A-11D0-8D11-00A0C91BC942}") = "RenderCoreWrap", "RenderCoreWrap\RenderCoreWrap.vcxproj", "{49B581B8-58E2-4E1F-A0EF-1A83A9224B40}"
EndProject
Project("{8BC9CEB8-8B4A-11D0-8D11-00A0C91BC942}") = "FreeGLUTView", "FreeGLUTView\FreeGLUTView.vcxproj", "{944B3981-336E-4807-B5BE-55B8F05920D4}"
EndProject
Project("{8BC9CEB8-8B4A-11D0-8D11-00A0C91BC942}") = "GLUTTest", "GLUTTest\GLUTTest.vcxproj", "{77EF1FBD-1484-45C8-B7B9-3C61E65E48BA}"
EndProject
Project("{FAE04EC0-301F-11D3-BF4B-00C04F79EFBC}") = "WinFormTest", "WinFormTest\WinFormTest.csproj", "{DCBA4154-B0E9-4D78-846B-7F8489EC6B59}"
EndProject
Project("{2150E333-8FDC-42A3-9474-1A3956D46DE8}") = "Solution Items", "Solution Items", "{3852083F-B857-4C65-BA1D-BC2A614C8D24}"
	ProjectSection(SolutionItems) = preProject
		dizz.png = dizz.png
		License.txt = License.txt
		README.md = README.md
		TODO.md = TODO.md
	EndProjectSection
EndProject
Project("{2150E333-8FDC-42A3-9474-1A3956D46DE8}") = "License", "License", "{561A1798-4D87-4EF2-9CA4-4823AF845810}"
	ProjectSection(SolutionItems) = preProject
		License\boost.txt = License\boost.txt
		License\cpplinq.html = License\cpplinq.html
		License\date.txt = License\date.txt
		License\fmt.rst = License\fmt.rst
		License\freeglut.txt = License\freeglut.txt
		License\freetype.txt = License\freetype.txt
		License\glew.txt = License\glew.txt
		License\stb.txt = License\stb.txt
		License\uchardet.txt = License\uchardet.txt
	EndProjectSection
EndProject
Project("{2150E333-8FDC-42A3-9474-1A3956D46DE8}") = "common", "common", "{9ED3D83E-4963-469B-B98F-EDDE2D5AD2D9}"
	ProjectSection(SolutionItems) = preProject
		common\README.md = common\README.md
	EndProjectSection
EndProject
Project("{2150E333-8FDC-42A3-9474-1A3956D46DE8}") = "3DBasic", "3DBasic", "{A74D60C0-9D16-4AA6-BC08-B54BEAF003C0}"
	ProjectSection(SolutionItems) = preProject
		3DBasic\miniBLAS.hpp = 3DBasic\miniBLAS.hpp
		3DBasic\miniBLAS.natvis = 3DBasic\miniBLAS.natvis
	EndProjectSection
EndProject
Project("{2150E333-8FDC-42A3-9474-1A3956D46DE8}") = "CSharp", "CSharp", "{ECC412A1-998E-4715-BA83-E8C12C9BAB39}"
EndProject
Project("{2150E333-8FDC-42A3-9474-1A3956D46DE8}") = "CPP", "CPP", "{B6204FB0-DC48-4C02-8453-BAEF3D033ACB}"
EndProject
Project("{2150E333-8FDC-42A3-9474-1A3956D46DE8}") = "CoreLibrary", "CoreLibrary", "{89B14C12-C524-4BDC-B7DC-32F6A3D8E0A5}"
EndProject
Project("{2150E333-8FDC-42A3-9474-1A3956D46DE8}") = "3rdParty", "3rdParty", "{F00DE4FE-8B9C-4F96-BEC0-BA21C67E158C}"
	ProjectSection(SolutionItems) = preProject
		3rdParty\cpplinq.hpp = 3rdParty\cpplinq.hpp
		3rdParty\digitslut.h = 3rdParty\digitslut.h
		3rdParty\dtoa_milo.hpp = 3rdParty\dtoa_milo.hpp
		3rdParty\itoa_branchlut2.hpp = 3rdParty\itoa_branchlut2.hpp
		3rdParty\itoa_naive.hpp = 3rdParty\itoa_naive.hpp
		3rdParty\itoa_sse2.hpp = 3rdParty\itoa_sse2.hpp
		3rdParty\README.md = 3rdParty\README.md
	EndProjectSection
EndProject
Project("{2150E333-8FDC-42A3-9474-1A3956D46DE8}") = "BaseLibrary", "BaseLibrary", "{4D08E485-9B7A-4B9B-9204-4289C1092C0D}"
EndProject
Project("{2150E333-8FDC-42A3-9474-1A3956D46DE8}") = "miniBLAS", "miniBLAS", "{B24F83C0-74C0-470B-A83B-6F1B8A83E0E2}"
	ProjectSection(SolutionItems) = preProject
		3DBasic\miniBLAS\BLASrely.h = 3DBasic\miniBLAS\BLASrely.h
		3DBasic\miniBLAS\Mat3x3.hpp = 3DBasic\miniBLAS\Mat3x3.hpp
		3DBasic\miniBLAS\Mat4x4.hpp = 3DBasic\miniBLAS\Mat4x4.hpp
		3DBasic\miniBLAS\MatBase.hpp = 3DBasic\miniBLAS\MatBase.hpp
		3DBasic\miniBLAS\Vec3.hpp = 3DBasic\miniBLAS\Vec3.hpp
		3DBasic\miniBLAS\Vec4.hpp = 3DBasic\miniBLAS\Vec4.hpp
		3DBasic\miniBLAS\VecBase.hpp = 3DBasic\miniBLAS\VecBase.hpp
		3DBasic\miniBLAS\VecI4.hpp = 3DBasic\miniBLAS\VecI4.hpp
	EndProjectSection
EndProject
Project("{2150E333-8FDC-42A3-9474-1A3956D46DE8}") = "dll", "dll", "{4CB3683E-0F7A-4121-979A-920473AC146E}"
EndProject
Project("{2150E333-8FDC-42A3-9474-1A3956D46DE8}") = "x86-32", "x86-32", "{5E35180D-1365-4A5E-96BF-5707110FAD01}"
EndProject
Project("{2150E333-8FDC-42A3-9474-1A3956D46DE8}") = "x86-64", "x86-64", "{F35DB834-493B-4083-8A24-BC2C8CC93474}"
EndProject
Project("{8BC9CEB8-8B4A-11D0-8D11-00A0C91BC942}") = "stblib", "3rdParty\stblib\stblib.vcxproj", "{67325DFE-3CBA-49AD-B9D8-E04CBCA6C7F8}"
EndProject
Project("{8BC9CEB8-8B4A-11D0-8D11-00A0C91BC942}") = "OpenCLUtil", "OpenCLUtil\OpenCLUtil.vcxproj", "{45231916-6D39-4FD5-A232-40DAAFEA819B}"
EndProject
Project("{8BC9CEB8-8B4A-11D0-8D11-00A0C91BC942}") = "FontHelper", "FontHelper\FontHelper.vcxproj", "{3A51A60C-CC0C-43E9-9A48-FB251EDC1135}"
EndProject
Project("{8BC9CEB8-8B4A-11D0-8D11-00A0C91BC942}") = "miniLogger", "common\miniLogger\miniLogger.vcxproj", "{536EEEC1-C2EC-4F53-8E80-4A437264C6C0}"
EndProject
Project("{2150E333-8FDC-42A3-9474-1A3956D46DE8}") = "LibFree", "LibFree", "{2D90E510-49EC-458D-99FC-C11DF3C6710C}"
	ProjectSection(SolutionItems) = preProject
		common\AlignedContainer.hpp = common\AlignedContainer.hpp
		common\AlignedContainer.natvis = common\AlignedContainer.natvis
		common\CLIAsync.hpp = common\CLIAsync.hpp
		common\CLICommonRely.hpp = common\CLICommonRely.hpp
		common\CLIException.hpp = common\CLIException.hpp
		common\CLIViewModel.hpp = common\CLIViewModel.hpp
		common\CommonMacro.hpp = common\CommonMacro.hpp
		common\CommonRely.hpp = common\CommonRely.hpp
		common\CommonUtil.hpp = common\CommonUtil.hpp
		common\ContainerEx.hpp = common\ContainerEx.hpp
		common\CopyEx.hpp = common\CopyEx.hpp
		common\CPPAsync.cpp = common\CPPAsync.cpp
		common\DelayLoader.h = common\DelayLoader.h
		common\DelayLoader.inl = common\DelayLoader.inl
		common\Exceptions.hpp = common\Exceptions.hpp
		common\Exceptions.natvis = common\Exceptions.natvis
		common\FileEx.hpp = common\FileEx.hpp
		common\FileMapper.h = common\FileMapper.h
		common\FileMapper.inl = common\FileMapper.inl
		common\IntToString.hpp = common\IntToString.hpp
		common\Linq.hpp = common\Linq.hpp
		common\LockfreeQueue.hpp = common\LockfreeQueue.hpp
		common\LUT_gb18030.tab = common\LUT_gb18030.tab
		common\PromiseTask.hpp = common\PromiseTask.hpp
		common\PromiseTaskSTD.hpp = common\PromiseTaskSTD.hpp
		common\ResourceHelper.h = common\ResourceHelper.h
		common\ResourceHelper.inl = common\ResourceHelper.inl
		common\SharedResource.hpp = common\SharedResource.hpp
		common\SIMD.hpp = common\SIMD.hpp
		common\SpinLock.hpp = common\SpinLock.hpp
		common\StrCharset.hpp = common\StrCharset.hpp
		common\StringEx.hpp = common\StringEx.hpp
		common\ThreadEx.h = common\ThreadEx.h
		common\ThreadEx.inl = common\ThreadEx.inl
		common\TimeUtil.hpp = common\TimeUtil.hpp
		common\Wrapper.hpp = common\Wrapper.hpp
		common\Wrapper.natvis = common\Wrapper.natvis
	EndProjectSection
EndProject
Project("{FAE04EC0-301F-11D3-BF4B-00C04F79EFBC}") = "WPFTest", "WPFTest\WPFTest.csproj", "{E05720DB-A5FB-4A0C-9552-F3777E66FE29}"
EndProject
Project("{2150E333-8FDC-42A3-9474-1A3956D46DE8}") = "lib", "lib", "{C42B961C-1C23-45DE-ABA7-410681BC7D13}"
EndProject
Project("{8BC9CEB8-8B4A-11D0-8D11-00A0C91BC942}") = "uchardetlib", "3rdParty\uchardetlib\uchardetlib.vcxproj", "{7BE97D3D-F242-4AB9-8EEE-05B974E0E15E}"
EndProject
Project("{2150E333-8FDC-42A3-9474-1A3956D46DE8}") = "x86-32", "x86-32", "{97C48F86-2881-41CB-A4EE-802F62A6013F}"
EndProject
Project("{2150E333-8FDC-42A3-9474-1A3956D46DE8}") = "x86-64", "x86-64", "{04995791-355D-4E91-8006-E8783B2AB9D9}"
EndProject
Project("{8BC9CEB8-8B4A-11D0-8D11-00A0C91BC942}") = "freetype2", "3rdParty\freetype2\freetype2.vcxproj", "{7B5C2843-DEDF-44AD-B02A-2AF72D78F2E9}"
EndProject
Project("{8BC9CEB8-8B4A-11D0-8D11-00A0C91BC942}") = "glew", "3rdParty\glew\glew.vcxproj", "{7025CA4A-22FD-4343-B296-008060483193}"
EndProject
Project("{8BC9CEB8-8B4A-11D0-8D11-00A0C91BC942}") = "freeglut", "3rdParty\freeglut\freeglut.vcxproj", "{AFB20F81-5A02-49EF-B968-4749A2BB4BD5}"
EndProject
Project("{2150E333-8FDC-42A3-9474-1A3956D46DE8}") = "date", "date", "{D36D1F7F-4D13-4944-9024-CC703F56FB75}"
	ProjectSection(SolutionItems) = preProject
		3rdParty\date\chrono_io.h = 3rdParty\date\chrono_io.h
		3rdParty\date\date.h = 3rdParty\date\date.h
		3rdParty\date\islamic.h = 3rdParty\date\islamic.h
		3rdParty\date\iso_week.h = 3rdParty\date\iso_week.h
		3rdParty\date\julian.h = 3rdParty\date\julian.h
		3rdParty\date\license.txt = 3rdParty\date\license.txt
		3rdParty\date\ptz.h = 3rdParty\date\ptz.h
		3rdParty\date\README.md = 3rdParty\date\README.md
		3rdParty\date\tz.cpp = 3rdParty\date\tz.cpp
		3rdParty\date\tz.h = 3rdParty\date\tz.h
		3rdParty\date\tz_private.h = 3rdParty\date\tz_private.h
	EndProjectSection
EndProject
Project("{8BC9CEB8-8B4A-11D0-8D11-00A0C91BC942}") = "fmt", "3rdParty\fmt\fmt.vcxproj", "{70DDE3A9-B057-4AE0-842E-37917F633582}"
EndProject
Project("{D954291E-2A0B-460D-934E-DC6B0785DB48}") = "CommonUtil", "CommonUtil\CommonUtil.shproj", "{369EAD30-FD7E-465B-BCD3-C5AAD8898A12}"
EndProject
Project("{8BC9CEB8-8B4A-11D0-8D11-00A0C91BC942}") = "ImageUtil", "ImageUtil\ImageUtil.vcxproj", "{45660991-51C4-4972-916F-9F2D2227BC4A}"
EndProject
Project("{8BC9CEB8-8B4A-11D0-8D11-00A0C91BC942}") = "zlib", "3rdParty\zlib\zlib.vcxproj", "{FC87D46C-9CE7-4E8F-BD3A-4F25A3FB8175}"
EndProject
Project("{8BC9CEB8-8B4A-11D0-8D11-00A0C91BC942}") = "libpng", "3rdParty\libpng\libpng.vcxproj", "{506A3438-E8EE-47F6-A4C8-FDF475EBAC1E}"
EndProject
Project("{8BC9CEB8-8B4A-11D0-8D11-00A0C91BC942}") = "libjpeg-turbo", "3rdParty\libjpeg-turbo\libjpeg-turbo.vcxproj", "{3797BA95-6625-4483-B63E-3B3F9B845DAB}"
EndProject
Project("{2150E333-8FDC-42A3-9474-1A3956D46DE8}") = "Tests", "Tests", "{533CDA1C-8F77-4F1A-BFB2-E07C2755C77D}"
EndProject
Project("{8BC9CEB8-8B4A-11D0-8D11-00A0C91BC942}") = "OpenCL_ICD_Loader", "3rdParty\OpenCL_ICD_Loader\OpenCL_ICD_Loader.vcxproj", "{5C5933E1-4992-47F8-87ED-7921735157BA}"
EndProject
Project("{8BC9CEB8-8B4A-11D0-8D11-00A0C91BC942}") = "boost.context", "3rdParty\boost.context\boost.context.vcxproj", "{E308A1B2-DA99-4D69-A2E5-FF5B57E6EFC7}"
EndProject
Project("{8BC9CEB8-8B4A-11D0-8D11-00A0C91BC942}") = "AsyncExecutor", "common\AsyncExecutor\AsyncExecutor.vcxproj", "{1FE31563-6F8F-4DEF-A552-EE9CF04C1C58}"
EndProject
Project("{8BC9CEB8-8B4A-11D0-8D11-00A0C91BC942}") = "UtilTest", "Tests\UtilTest\UtilTest.vcxproj", "{98F7C4AF-2104-45E6-B205-EA364C317D2E}"
EndProject
Project("{FAE04EC0-301F-11D3-BF4B-00C04F79EFBC}") = "WPFControlExt", "WPFControlExt\WPFControlExt.csproj", "{0D2A44B0-A0F5-45AF-8509-602EE4E7745A}"
EndProject
Global
	GlobalSection(SharedMSBuildProjectFiles) = preSolution
		CommonUtil\CommonUtil.projitems*{369ead30-fd7e-465b-bcd3-c5aad8898a12}*SharedItemsImports = 13
		CommonUtil\CommonUtil.projitems*{e05720db-a5fb-4a0c-9552-f3777e66fe29}*SharedItemsImports = 4
	EndGlobalSection
	GlobalSection(SolutionConfigurationPlatforms) = preSolution
		Debug|Any CPU = Debug|Any CPU
		Debug|x64 = Debug|x64
		Debug|x86 = Debug|x86
		Release|Any CPU = Release|Any CPU
		Release|x64 = Release|x64
		Release|x86 = Release|x86
	EndGlobalSection
	GlobalSection(ProjectConfigurationPlatforms) = postSolution
		{2D168E14-C22D-4429-B97C-AF5D41010E48}.Debug|Any CPU.ActiveCfg = Debug|Win32
		{2D168E14-C22D-4429-B97C-AF5D41010E48}.Debug|x64.ActiveCfg = Debug|x64
		{2D168E14-C22D-4429-B97C-AF5D41010E48}.Debug|x64.Build.0 = Debug|x64
		{2D168E14-C22D-4429-B97C-AF5D41010E48}.Debug|x86.ActiveCfg = Debug|Win32
		{2D168E14-C22D-4429-B97C-AF5D41010E48}.Debug|x86.Build.0 = Debug|Win32
		{2D168E14-C22D-4429-B97C-AF5D41010E48}.Release|Any CPU.ActiveCfg = Release|Win32
		{2D168E14-C22D-4429-B97C-AF5D41010E48}.Release|x64.ActiveCfg = Release|x64
		{2D168E14-C22D-4429-B97C-AF5D41010E48}.Release|x64.Build.0 = Release|x64
		{2D168E14-C22D-4429-B97C-AF5D41010E48}.Release|x86.ActiveCfg = Release|Win32
		{2D168E14-C22D-4429-B97C-AF5D41010E48}.Release|x86.Build.0 = Release|Win32
		{CC937530-6B2A-4538-B764-71DFE8D84C89}.Debug|Any CPU.ActiveCfg = Debug|Win32
		{CC937530-6B2A-4538-B764-71DFE8D84C89}.Debug|x64.ActiveCfg = Debug|x64
		{CC937530-6B2A-4538-B764-71DFE8D84C89}.Debug|x64.Build.0 = Debug|x64
		{CC937530-6B2A-4538-B764-71DFE8D84C89}.Debug|x86.ActiveCfg = Debug|Win32
		{CC937530-6B2A-4538-B764-71DFE8D84C89}.Debug|x86.Build.0 = Debug|Win32
		{CC937530-6B2A-4538-B764-71DFE8D84C89}.Release|Any CPU.ActiveCfg = Release|Win32
		{CC937530-6B2A-4538-B764-71DFE8D84C89}.Release|x64.ActiveCfg = Release|x64
		{CC937530-6B2A-4538-B764-71DFE8D84C89}.Release|x64.Build.0 = Release|x64
		{CC937530-6B2A-4538-B764-71DFE8D84C89}.Release|x86.ActiveCfg = Release|Win32
		{CC937530-6B2A-4538-B764-71DFE8D84C89}.Release|x86.Build.0 = Release|Win32
		{2C2FBE4D-B211-473E-9A93-3393C5E3BC4F}.Debug|Any CPU.ActiveCfg = Debug|Win32
		{2C2FBE4D-B211-473E-9A93-3393C5E3BC4F}.Debug|x64.ActiveCfg = Debug|x64
		{2C2FBE4D-B211-473E-9A93-3393C5E3BC4F}.Debug|x64.Build.0 = Debug|x64
		{2C2FBE4D-B211-473E-9A93-3393C5E3BC4F}.Debug|x86.ActiveCfg = Debug|Win32
		{2C2FBE4D-B211-473E-9A93-3393C5E3BC4F}.Debug|x86.Build.0 = Debug|Win32
		{2C2FBE4D-B211-473E-9A93-3393C5E3BC4F}.Release|Any CPU.ActiveCfg = Release|Win32
		{2C2FBE4D-B211-473E-9A93-3393C5E3BC4F}.Release|x64.ActiveCfg = Release|x64
		{2C2FBE4D-B211-473E-9A93-3393C5E3BC4F}.Release|x64.Build.0 = Release|x64
		{2C2FBE4D-B211-473E-9A93-3393C5E3BC4F}.Release|x86.ActiveCfg = Release|Win32
		{2C2FBE4D-B211-473E-9A93-3393C5E3BC4F}.Release|x86.Build.0 = Release|Win32
		{49B581B8-58E2-4E1F-A0EF-1A83A9224B40}.Debug|Any CPU.ActiveCfg = Debug|Win32
		{49B581B8-58E2-4E1F-A0EF-1A83A9224B40}.Debug|x64.ActiveCfg = Debug|x64
		{49B581B8-58E2-4E1F-A0EF-1A83A9224B40}.Debug|x64.Build.0 = Debug|x64
		{49B581B8-58E2-4E1F-A0EF-1A83A9224B40}.Debug|x86.ActiveCfg = Debug|Win32
		{49B581B8-58E2-4E1F-A0EF-1A83A9224B40}.Debug|x86.Build.0 = Debug|Win32
		{49B581B8-58E2-4E1F-A0EF-1A83A9224B40}.Release|Any CPU.ActiveCfg = Release|Win32
		{49B581B8-58E2-4E1F-A0EF-1A83A9224B40}.Release|x64.ActiveCfg = Release|x64
		{49B581B8-58E2-4E1F-A0EF-1A83A9224B40}.Release|x64.Build.0 = Release|x64
		{49B581B8-58E2-4E1F-A0EF-1A83A9224B40}.Release|x86.ActiveCfg = Release|Win32
		{49B581B8-58E2-4E1F-A0EF-1A83A9224B40}.Release|x86.Build.0 = Release|Win32
		{944B3981-336E-4807-B5BE-55B8F05920D4}.Debug|Any CPU.ActiveCfg = Debug|Win32
		{944B3981-336E-4807-B5BE-55B8F05920D4}.Debug|x64.ActiveCfg = Debug|x64
		{944B3981-336E-4807-B5BE-55B8F05920D4}.Debug|x64.Build.0 = Debug|x64
		{944B3981-336E-4807-B5BE-55B8F05920D4}.Debug|x86.ActiveCfg = Debug|Win32
		{944B3981-336E-4807-B5BE-55B8F05920D4}.Debug|x86.Build.0 = Debug|Win32
		{944B3981-336E-4807-B5BE-55B8F05920D4}.Release|Any CPU.ActiveCfg = Release|Win32
		{944B3981-336E-4807-B5BE-55B8F05920D4}.Release|x64.ActiveCfg = Release|x64
		{944B3981-336E-4807-B5BE-55B8F05920D4}.Release|x64.Build.0 = Release|x64
		{944B3981-336E-4807-B5BE-55B8F05920D4}.Release|x86.ActiveCfg = Release|Win32
		{944B3981-336E-4807-B5BE-55B8F05920D4}.Release|x86.Build.0 = Release|Win32
		{77EF1FBD-1484-45C8-B7B9-3C61E65E48BA}.Debug|Any CPU.ActiveCfg = Debug|Win32
		{77EF1FBD-1484-45C8-B7B9-3C61E65E48BA}.Debug|x64.ActiveCfg = Debug|x64
		{77EF1FBD-1484-45C8-B7B9-3C61E65E48BA}.Debug|x64.Build.0 = Debug|x64
		{77EF1FBD-1484-45C8-B7B9-3C61E65E48BA}.Debug|x86.ActiveCfg = Debug|Win32
		{77EF1FBD-1484-45C8-B7B9-3C61E65E48BA}.Debug|x86.Build.0 = Debug|Win32
		{77EF1FBD-1484-45C8-B7B9-3C61E65E48BA}.Debug|x86.Deploy.0 = Debug|Win32
		{77EF1FBD-1484-45C8-B7B9-3C61E65E48BA}.Release|Any CPU.ActiveCfg = Release|Win32
		{77EF1FBD-1484-45C8-B7B9-3C61E65E48BA}.Release|x64.ActiveCfg = Release|x64
		{77EF1FBD-1484-45C8-B7B9-3C61E65E48BA}.Release|x64.Build.0 = Release|x64
		{77EF1FBD-1484-45C8-B7B9-3C61E65E48BA}.Release|x86.ActiveCfg = Release|Win32
		{77EF1FBD-1484-45C8-B7B9-3C61E65E48BA}.Release|x86.Build.0 = Release|Win32
		{77EF1FBD-1484-45C8-B7B9-3C61E65E48BA}.Release|x86.Deploy.0 = Release|Win32
		{DCBA4154-B0E9-4D78-846B-7F8489EC6B59}.Debug|Any CPU.ActiveCfg = Debug|Any CPU
		{DCBA4154-B0E9-4D78-846B-7F8489EC6B59}.Debug|Any CPU.Build.0 = Debug|Any CPU
		{DCBA4154-B0E9-4D78-846B-7F8489EC6B59}.Debug|x64.ActiveCfg = Debug|Any CPU
		{DCBA4154-B0E9-4D78-846B-7F8489EC6B59}.Debug|x64.Build.0 = Debug|Any CPU
		{DCBA4154-B0E9-4D78-846B-7F8489EC6B59}.Debug|x86.ActiveCfg = Debug|Any CPU
		{DCBA4154-B0E9-4D78-846B-7F8489EC6B59}.Debug|x86.Build.0 = Debug|Any CPU
		{DCBA4154-B0E9-4D78-846B-7F8489EC6B59}.Release|Any CPU.ActiveCfg = Release|Any CPU
		{DCBA4154-B0E9-4D78-846B-7F8489EC6B59}.Release|Any CPU.Build.0 = Release|Any CPU
		{DCBA4154-B0E9-4D78-846B-7F8489EC6B59}.Release|x64.ActiveCfg = Release|Any CPU
		{DCBA4154-B0E9-4D78-846B-7F8489EC6B59}.Release|x64.Build.0 = Release|Any CPU
		{DCBA4154-B0E9-4D78-846B-7F8489EC6B59}.Release|x86.ActiveCfg = Release|Any CPU
		{DCBA4154-B0E9-4D78-846B-7F8489EC6B59}.Release|x86.Build.0 = Release|Any CPU
		{67325DFE-3CBA-49AD-B9D8-E04CBCA6C7F8}.Debug|Any CPU.ActiveCfg = Debug|Win32
		{67325DFE-3CBA-49AD-B9D8-E04CBCA6C7F8}.Debug|x64.ActiveCfg = Debug|x64
		{67325DFE-3CBA-49AD-B9D8-E04CBCA6C7F8}.Debug|x64.Build.0 = Debug|x64
		{67325DFE-3CBA-49AD-B9D8-E04CBCA6C7F8}.Debug|x86.ActiveCfg = Debug|Win32
		{67325DFE-3CBA-49AD-B9D8-E04CBCA6C7F8}.Debug|x86.Build.0 = Debug|Win32
		{67325DFE-3CBA-49AD-B9D8-E04CBCA6C7F8}.Release|Any CPU.ActiveCfg = Release|Win32
		{67325DFE-3CBA-49AD-B9D8-E04CBCA6C7F8}.Release|x64.ActiveCfg = Release|x64
		{67325DFE-3CBA-49AD-B9D8-E04CBCA6C7F8}.Release|x64.Build.0 = Release|x64
		{67325DFE-3CBA-49AD-B9D8-E04CBCA6C7F8}.Release|x86.ActiveCfg = Release|Win32
		{67325DFE-3CBA-49AD-B9D8-E04CBCA6C7F8}.Release|x86.Build.0 = Release|Win32
		{45231916-6D39-4FD5-A232-40DAAFEA819B}.Debug|Any CPU.ActiveCfg = Debug|Win32
		{45231916-6D39-4FD5-A232-40DAAFEA819B}.Debug|x64.ActiveCfg = Debug|x64
		{45231916-6D39-4FD5-A232-40DAAFEA819B}.Debug|x64.Build.0 = Debug|x64
		{45231916-6D39-4FD5-A232-40DAAFEA819B}.Debug|x86.ActiveCfg = Debug|Win32
		{45231916-6D39-4FD5-A232-40DAAFEA819B}.Debug|x86.Build.0 = Debug|Win32
		{45231916-6D39-4FD5-A232-40DAAFEA819B}.Release|Any CPU.ActiveCfg = Release|Win32
		{45231916-6D39-4FD5-A232-40DAAFEA819B}.Release|x64.ActiveCfg = Release|x64
		{45231916-6D39-4FD5-A232-40DAAFEA819B}.Release|x64.Build.0 = Release|x64
		{45231916-6D39-4FD5-A232-40DAAFEA819B}.Release|x86.ActiveCfg = Release|Win32
		{45231916-6D39-4FD5-A232-40DAAFEA819B}.Release|x86.Build.0 = Release|Win32
		{3A51A60C-CC0C-43E9-9A48-FB251EDC1135}.Debug|Any CPU.ActiveCfg = Debug|Win32
		{3A51A60C-CC0C-43E9-9A48-FB251EDC1135}.Debug|x64.ActiveCfg = Debug|x64
		{3A51A60C-CC0C-43E9-9A48-FB251EDC1135}.Debug|x64.Build.0 = Debug|x64
		{3A51A60C-CC0C-43E9-9A48-FB251EDC1135}.Debug|x86.ActiveCfg = Debug|Win32
		{3A51A60C-CC0C-43E9-9A48-FB251EDC1135}.Debug|x86.Build.0 = Debug|Win32
		{3A51A60C-CC0C-43E9-9A48-FB251EDC1135}.Release|Any CPU.ActiveCfg = Release|Win32
		{3A51A60C-CC0C-43E9-9A48-FB251EDC1135}.Release|x64.ActiveCfg = Release|x64
		{3A51A60C-CC0C-43E9-9A48-FB251EDC1135}.Release|x64.Build.0 = Release|x64
		{3A51A60C-CC0C-43E9-9A48-FB251EDC1135}.Release|x86.ActiveCfg = Release|Win32
		{3A51A60C-CC0C-43E9-9A48-FB251EDC1135}.Release|x86.Build.0 = Release|Win32
		{536EEEC1-C2EC-4F53-8E80-4A437264C6C0}.Debug|Any CPU.ActiveCfg = Debug|Win32
		{536EEEC1-C2EC-4F53-8E80-4A437264C6C0}.Debug|x64.ActiveCfg = Debug|x64
		{536EEEC1-C2EC-4F53-8E80-4A437264C6C0}.Debug|x64.Build.0 = Debug|x64
		{536EEEC1-C2EC-4F53-8E80-4A437264C6C0}.Debug|x86.ActiveCfg = Debug|Win32
		{536EEEC1-C2EC-4F53-8E80-4A437264C6C0}.Debug|x86.Build.0 = Debug|Win32
		{536EEEC1-C2EC-4F53-8E80-4A437264C6C0}.Release|Any CPU.ActiveCfg = Release|Win32
		{536EEEC1-C2EC-4F53-8E80-4A437264C6C0}.Release|x64.ActiveCfg = Release|x64
		{536EEEC1-C2EC-4F53-8E80-4A437264C6C0}.Release|x64.Build.0 = Release|x64
		{536EEEC1-C2EC-4F53-8E80-4A437264C6C0}.Release|x86.ActiveCfg = Release|Win32
		{536EEEC1-C2EC-4F53-8E80-4A437264C6C0}.Release|x86.Build.0 = Release|Win32
		{E05720DB-A5FB-4A0C-9552-F3777E66FE29}.Debug|Any CPU.ActiveCfg = Debug|Any CPU
		{E05720DB-A5FB-4A0C-9552-F3777E66FE29}.Debug|Any CPU.Build.0 = Debug|Any CPU
		{E05720DB-A5FB-4A0C-9552-F3777E66FE29}.Debug|x64.ActiveCfg = Debug|Any CPU
		{E05720DB-A5FB-4A0C-9552-F3777E66FE29}.Debug|x64.Build.0 = Debug|Any CPU
		{E05720DB-A5FB-4A0C-9552-F3777E66FE29}.Debug|x86.ActiveCfg = Debug|Any CPU
		{E05720DB-A5FB-4A0C-9552-F3777E66FE29}.Debug|x86.Build.0 = Debug|Any CPU
		{E05720DB-A5FB-4A0C-9552-F3777E66FE29}.Release|Any CPU.ActiveCfg = Release|Any CPU
		{E05720DB-A5FB-4A0C-9552-F3777E66FE29}.Release|Any CPU.Build.0 = Release|Any CPU
		{E05720DB-A5FB-4A0C-9552-F3777E66FE29}.Release|x64.ActiveCfg = Release|Any CPU
		{E05720DB-A5FB-4A0C-9552-F3777E66FE29}.Release|x64.Build.0 = Release|Any CPU
		{E05720DB-A5FB-4A0C-9552-F3777E66FE29}.Release|x86.ActiveCfg = Release|Any CPU
		{E05720DB-A5FB-4A0C-9552-F3777E66FE29}.Release|x86.Build.0 = Release|Any CPU
		{7BE97D3D-F242-4AB9-8EEE-05B974E0E15E}.Debug|Any CPU.ActiveCfg = Debug|Win32
		{7BE97D3D-F242-4AB9-8EEE-05B974E0E15E}.Debug|x64.ActiveCfg = Debug|x64
		{7BE97D3D-F242-4AB9-8EEE-05B974E0E15E}.Debug|x64.Build.0 = Debug|x64
		{7BE97D3D-F242-4AB9-8EEE-05B974E0E15E}.Debug|x86.ActiveCfg = Debug|Win32
		{7BE97D3D-F242-4AB9-8EEE-05B974E0E15E}.Debug|x86.Build.0 = Debug|Win32
		{7BE97D3D-F242-4AB9-8EEE-05B974E0E15E}.Release|Any CPU.ActiveCfg = Release|Win32
		{7BE97D3D-F242-4AB9-8EEE-05B974E0E15E}.Release|x64.ActiveCfg = Release|x64
		{7BE97D3D-F242-4AB9-8EEE-05B974E0E15E}.Release|x64.Build.0 = Release|x64
		{7BE97D3D-F242-4AB9-8EEE-05B974E0E15E}.Release|x86.ActiveCfg = Release|Win32
		{7BE97D3D-F242-4AB9-8EEE-05B974E0E15E}.Release|x86.Build.0 = Release|Win32
		{7B5C2843-DEDF-44AD-B02A-2AF72D78F2E9}.Debug|Any CPU.ActiveCfg = Debug|Win32
		{7B5C2843-DEDF-44AD-B02A-2AF72D78F2E9}.Debug|x64.ActiveCfg = Debug|x64
		{7B5C2843-DEDF-44AD-B02A-2AF72D78F2E9}.Debug|x64.Build.0 = Debug|x64
		{7B5C2843-DEDF-44AD-B02A-2AF72D78F2E9}.Debug|x86.ActiveCfg = Debug|Win32
		{7B5C2843-DEDF-44AD-B02A-2AF72D78F2E9}.Debug|x86.Build.0 = Debug|Win32
		{7B5C2843-DEDF-44AD-B02A-2AF72D78F2E9}.Release|Any CPU.ActiveCfg = Release|Win32
		{7B5C2843-DEDF-44AD-B02A-2AF72D78F2E9}.Release|x64.ActiveCfg = Release|x64
		{7B5C2843-DEDF-44AD-B02A-2AF72D78F2E9}.Release|x64.Build.0 = Release|x64
		{7B5C2843-DEDF-44AD-B02A-2AF72D78F2E9}.Release|x86.ActiveCfg = Release|Win32
		{7B5C2843-DEDF-44AD-B02A-2AF72D78F2E9}.Release|x86.Build.0 = Release|Win32
		{7025CA4A-22FD-4343-B296-008060483193}.Debug|Any CPU.ActiveCfg = Debug|Win32
		{7025CA4A-22FD-4343-B296-008060483193}.Debug|x64.ActiveCfg = Debug|x64
		{7025CA4A-22FD-4343-B296-008060483193}.Debug|x64.Build.0 = Debug|x64
		{7025CA4A-22FD-4343-B296-008060483193}.Debug|x86.ActiveCfg = Debug|Win32
		{7025CA4A-22FD-4343-B296-008060483193}.Debug|x86.Build.0 = Debug|Win32
		{7025CA4A-22FD-4343-B296-008060483193}.Release|Any CPU.ActiveCfg = Release|Win32
		{7025CA4A-22FD-4343-B296-008060483193}.Release|x64.ActiveCfg = Release|x64
		{7025CA4A-22FD-4343-B296-008060483193}.Release|x64.Build.0 = Release|x64
		{7025CA4A-22FD-4343-B296-008060483193}.Release|x86.ActiveCfg = Release|Win32
		{7025CA4A-22FD-4343-B296-008060483193}.Release|x86.Build.0 = Release|Win32
		{AFB20F81-5A02-49EF-B968-4749A2BB4BD5}.Debug|Any CPU.ActiveCfg = Debug|Win32
		{AFB20F81-5A02-49EF-B968-4749A2BB4BD5}.Debug|x64.ActiveCfg = Debug|x64
		{AFB20F81-5A02-49EF-B968-4749A2BB4BD5}.Debug|x64.Build.0 = Debug|x64
		{AFB20F81-5A02-49EF-B968-4749A2BB4BD5}.Debug|x86.ActiveCfg = Debug|Win32
		{AFB20F81-5A02-49EF-B968-4749A2BB4BD5}.Debug|x86.Build.0 = Debug|Win32
		{AFB20F81-5A02-49EF-B968-4749A2BB4BD5}.Release|Any CPU.ActiveCfg = Release|Win32
		{AFB20F81-5A02-49EF-B968-4749A2BB4BD5}.Release|x64.ActiveCfg = Release|x64
		{AFB20F81-5A02-49EF-B968-4749A2BB4BD5}.Release|x64.Build.0 = Release|x64
		{AFB20F81-5A02-49EF-B968-4749A2BB4BD5}.Release|x86.ActiveCfg = Release|Win32
		{AFB20F81-5A02-49EF-B968-4749A2BB4BD5}.Release|x86.Build.0 = Release|Win32
		{70DDE3A9-B057-4AE0-842E-37917F633582}.Debug|Any CPU.ActiveCfg = Debug|Win32
		{70DDE3A9-B057-4AE0-842E-37917F633582}.Debug|x64.ActiveCfg = Debug|x64
		{70DDE3A9-B057-4AE0-842E-37917F633582}.Debug|x64.Build.0 = Debug|x64
		{70DDE3A9-B057-4AE0-842E-37917F633582}.Debug|x86.ActiveCfg = Debug|Win32
		{70DDE3A9-B057-4AE0-842E-37917F633582}.Debug|x86.Build.0 = Debug|Win32
		{70DDE3A9-B057-4AE0-842E-37917F633582}.Release|Any CPU.ActiveCfg = Release|Win32
		{70DDE3A9-B057-4AE0-842E-37917F633582}.Release|x64.ActiveCfg = Release|x64
		{70DDE3A9-B057-4AE0-842E-37917F633582}.Release|x64.Build.0 = Release|x64
		{70DDE3A9-B057-4AE0-842E-37917F633582}.Release|x86.ActiveCfg = Release|Win32
		{70DDE3A9-B057-4AE0-842E-37917F633582}.Release|x86.Build.0 = Release|Win32
		{45660991-51C4-4972-916F-9F2D2227BC4A}.Debug|Any CPU.ActiveCfg = Debug|Win32
		{45660991-51C4-4972-916F-9F2D2227BC4A}.Debug|x64.ActiveCfg = Debug|x64
		{45660991-51C4-4972-916F-9F2D2227BC4A}.Debug|x64.Build.0 = Debug|x64
		{45660991-51C4-4972-916F-9F2D2227BC4A}.Debug|x86.ActiveCfg = Debug|Win32
		{45660991-51C4-4972-916F-9F2D2227BC4A}.Debug|x86.Build.0 = Debug|Win32
		{45660991-51C4-4972-916F-9F2D2227BC4A}.Release|Any CPU.ActiveCfg = Release|Win32
		{45660991-51C4-4972-916F-9F2D2227BC4A}.Release|x64.ActiveCfg = Release|x64
		{45660991-51C4-4972-916F-9F2D2227BC4A}.Release|x64.Build.0 = Release|x64
		{45660991-51C4-4972-916F-9F2D2227BC4A}.Release|x86.ActiveCfg = Release|Win32
		{45660991-51C4-4972-916F-9F2D2227BC4A}.Release|x86.Build.0 = Release|Win32
		{FC87D46C-9CE7-4E8F-BD3A-4F25A3FB8175}.Debug|Any CPU.ActiveCfg = Debug|Win32
		{FC87D46C-9CE7-4E8F-BD3A-4F25A3FB8175}.Debug|x64.ActiveCfg = Debug|x64
		{FC87D46C-9CE7-4E8F-BD3A-4F25A3FB8175}.Debug|x64.Build.0 = Debug|x64
		{FC87D46C-9CE7-4E8F-BD3A-4F25A3FB8175}.Debug|x86.ActiveCfg = Debug|Win32
		{FC87D46C-9CE7-4E8F-BD3A-4F25A3FB8175}.Debug|x86.Build.0 = Debug|Win32
		{FC87D46C-9CE7-4E8F-BD3A-4F25A3FB8175}.Release|Any CPU.ActiveCfg = Release|Win32
		{FC87D46C-9CE7-4E8F-BD3A-4F25A3FB8175}.Release|x64.ActiveCfg = Release|x64
		{FC87D46C-9CE7-4E8F-BD3A-4F25A3FB8175}.Release|x64.Build.0 = Release|x64
		{FC87D46C-9CE7-4E8F-BD3A-4F25A3FB8175}.Release|x86.ActiveCfg = Release|Win32
		{FC87D46C-9CE7-4E8F-BD3A-4F25A3FB8175}.Release|x86.Build.0 = Release|Win32
		{506A3438-E8EE-47F6-A4C8-FDF475EBAC1E}.Debug|Any CPU.ActiveCfg = Debug|Win32
		{506A3438-E8EE-47F6-A4C8-FDF475EBAC1E}.Debug|x64.ActiveCfg = Debug|x64
		{506A3438-E8EE-47F6-A4C8-FDF475EBAC1E}.Debug|x64.Build.0 = Debug|x64
		{506A3438-E8EE-47F6-A4C8-FDF475EBAC1E}.Debug|x86.ActiveCfg = Debug|Win32
		{506A3438-E8EE-47F6-A4C8-FDF475EBAC1E}.Debug|x86.Build.0 = Debug|Win32
		{506A3438-E8EE-47F6-A4C8-FDF475EBAC1E}.Release|Any CPU.ActiveCfg = Release|Win32
		{506A3438-E8EE-47F6-A4C8-FDF475EBAC1E}.Release|x64.ActiveCfg = Release|x64
		{506A3438-E8EE-47F6-A4C8-FDF475EBAC1E}.Release|x64.Build.0 = Release|x64
		{506A3438-E8EE-47F6-A4C8-FDF475EBAC1E}.Release|x86.ActiveCfg = Release|Win32
		{506A3438-E8EE-47F6-A4C8-FDF475EBAC1E}.Release|x86.Build.0 = Release|Win32
		{3797BA95-6625-4483-B63E-3B3F9B845DAB}.Debug|Any CPU.ActiveCfg = Debug|Win32
		{3797BA95-6625-4483-B63E-3B3F9B845DAB}.Debug|x64.ActiveCfg = Debug|x64
		{3797BA95-6625-4483-B63E-3B3F9B845DAB}.Debug|x64.Build.0 = Debug|x64
		{3797BA95-6625-4483-B63E-3B3F9B845DAB}.Debug|x86.ActiveCfg = Debug|Win32
		{3797BA95-6625-4483-B63E-3B3F9B845DAB}.Debug|x86.Build.0 = Debug|Win32
		{3797BA95-6625-4483-B63E-3B3F9B845DAB}.Release|Any CPU.ActiveCfg = Release|Win32
		{3797BA95-6625-4483-B63E-3B3F9B845DAB}.Release|x64.ActiveCfg = Release|x64
		{3797BA95-6625-4483-B63E-3B3F9B845DAB}.Release|x64.Build.0 = Release|x64
		{3797BA95-6625-4483-B63E-3B3F9B845DAB}.Release|x86.ActiveCfg = Release|Win32
		{3797BA95-6625-4483-B63E-3B3F9B845DAB}.Release|x86.Build.0 = Release|Win32
		{5C5933E1-4992-47F8-87ED-7921735157BA}.Debug|Any CPU.ActiveCfg = Debug|Win32
		{5C5933E1-4992-47F8-87ED-7921735157BA}.Debug|x64.ActiveCfg = Debug|x64
		{5C5933E1-4992-47F8-87ED-7921735157BA}.Debug|x64.Build.0 = Debug|x64
		{5C5933E1-4992-47F8-87ED-7921735157BA}.Debug|x86.ActiveCfg = Debug|Win32
		{5C5933E1-4992-47F8-87ED-7921735157BA}.Debug|x86.Build.0 = Debug|Win32
		{5C5933E1-4992-47F8-87ED-7921735157BA}.Release|Any CPU.ActiveCfg = Release|Win32
		{5C5933E1-4992-47F8-87ED-7921735157BA}.Release|x64.ActiveCfg = Release|x64
		{5C5933E1-4992-47F8-87ED-7921735157BA}.Release|x64.Build.0 = Release|x64
		{5C5933E1-4992-47F8-87ED-7921735157BA}.Release|x86.ActiveCfg = Release|Win32
		{5C5933E1-4992-47F8-87ED-7921735157BA}.Release|x86.Build.0 = Release|Win32
		{E308A1B2-DA99-4D69-A2E5-FF5B57E6EFC7}.Debug|Any CPU.ActiveCfg = Debug|Win32
		{E308A1B2-DA99-4D69-A2E5-FF5B57E6EFC7}.Debug|x64.ActiveCfg = Debug|x64
		{E308A1B2-DA99-4D69-A2E5-FF5B57E6EFC7}.Debug|x64.Build.0 = Debug|x64
		{E308A1B2-DA99-4D69-A2E5-FF5B57E6EFC7}.Debug|x86.ActiveCfg = Debug|Win32
		{E308A1B2-DA99-4D69-A2E5-FF5B57E6EFC7}.Debug|x86.Build.0 = Debug|Win32
		{E308A1B2-DA99-4D69-A2E5-FF5B57E6EFC7}.Release|Any CPU.ActiveCfg = Release|Win32
		{E308A1B2-DA99-4D69-A2E5-FF5B57E6EFC7}.Release|x64.ActiveCfg = Release|x64
		{E308A1B2-DA99-4D69-A2E5-FF5B57E6EFC7}.Release|x64.Build.0 = Release|x64
		{E308A1B2-DA99-4D69-A2E5-FF5B57E6EFC7}.Release|x86.ActiveCfg = Release|Win32
		{E308A1B2-DA99-4D69-A2E5-FF5B57E6EFC7}.Release|x86.Build.0 = Release|Win32
		{1FE31563-6F8F-4DEF-A552-EE9CF04C1C58}.Debug|Any CPU.ActiveCfg = Debug|Win32
		{1FE31563-6F8F-4DEF-A552-EE9CF04C1C58}.Debug|x64.ActiveCfg = Debug|x64
		{1FE31563-6F8F-4DEF-A552-EE9CF04C1C58}.Debug|x64.Build.0 = Debug|x64
		{1FE31563-6F8F-4DEF-A552-EE9CF04C1C58}.Debug|x86.ActiveCfg = Debug|Win32
		{1FE31563-6F8F-4DEF-A552-EE9CF04C1C58}.Debug|x86.Build.0 = Debug|Win32
		{1FE31563-6F8F-4DEF-A552-EE9CF04C1C58}.Release|Any CPU.ActiveCfg = Release|Win32
		{1FE31563-6F8F-4DEF-A552-EE9CF04C1C58}.Release|x64.ActiveCfg = Release|x64
		{1FE31563-6F8F-4DEF-A552-EE9CF04C1C58}.Release|x64.Build.0 = Release|x64
		{1FE31563-6F8F-4DEF-A552-EE9CF04C1C58}.Release|x86.ActiveCfg = Release|Win32
		{1FE31563-6F8F-4DEF-A552-EE9CF04C1C58}.Release|x86.Build.0 = Release|Win32
		{98F7C4AF-2104-45E6-B205-EA364C317D2E}.Debug|Any CPU.ActiveCfg = Debug|Win32
		{98F7C4AF-2104-45E6-B205-EA364C317D2E}.Debug|x64.ActiveCfg = Debug|x64
		{98F7C4AF-2104-45E6-B205-EA364C317D2E}.Debug|x64.Build.0 = Debug|x64
		{98F7C4AF-2104-45E6-B205-EA364C317D2E}.Debug|x86.ActiveCfg = Debug|Win32
		{98F7C4AF-2104-45E6-B205-EA364C317D2E}.Debug|x86.Build.0 = Debug|Win32
		{98F7C4AF-2104-45E6-B205-EA364C317D2E}.Release|Any CPU.ActiveCfg = Release|Win32
		{98F7C4AF-2104-45E6-B205-EA364C317D2E}.Release|x64.ActiveCfg = Release|x64
		{98F7C4AF-2104-45E6-B205-EA364C317D2E}.Release|x64.Build.0 = Release|x64
		{98F7C4AF-2104-45E6-B205-EA364C317D2E}.Release|x86.ActiveCfg = Release|Win32
		{98F7C4AF-2104-45E6-B205-EA364C317D2E}.Release|x86.Build.0 = Release|Win32
		{0D2A44B0-A0F5-45AF-8509-602EE4E7745A}.Debug|Any CPU.ActiveCfg = Debug|Any CPU
		{0D2A44B0-A0F5-45AF-8509-602EE4E7745A}.Debug|Any CPU.Build.0 = Debug|Any CPU
		{0D2A44B0-A0F5-45AF-8509-602EE4E7745A}.Debug|x64.ActiveCfg = Debug|Any CPU
		{0D2A44B0-A0F5-45AF-8509-602EE4E7745A}.Debug|x64.Build.0 = Debug|Any CPU
		{0D2A44B0-A0F5-45AF-8509-602EE4E7745A}.Debug|x86.ActiveCfg = Debug|Any CPU
		{0D2A44B0-A0F5-45AF-8509-602EE4E7745A}.Debug|x86.Build.0 = Debug|Any CPU
		{0D2A44B0-A0F5-45AF-8509-602EE4E7745A}.Release|Any CPU.ActiveCfg = Release|Any CPU
		{0D2A44B0-A0F5-45AF-8509-602EE4E7745A}.Release|Any CPU.Build.0 = Release|Any CPU
		{0D2A44B0-A0F5-45AF-8509-602EE4E7745A}.Release|x64.ActiveCfg = Release|Any CPU
		{0D2A44B0-A0F5-45AF-8509-602EE4E7745A}.Release|x64.Build.0 = Release|Any CPU
		{0D2A44B0-A0F5-45AF-8509-602EE4E7745A}.Release|x86.ActiveCfg = Release|Any CPU
		{0D2A44B0-A0F5-45AF-8509-602EE4E7745A}.Release|x86.Build.0 = Release|Any CPU
	EndGlobalSection
	GlobalSection(SolutionProperties) = preSolution
		HideSolutionNode = FALSE
	EndGlobalSection
	GlobalSection(NestedProjects) = preSolution
		{2D168E14-C22D-4429-B97C-AF5D41010E48} = {ECC412A1-998E-4715-BA83-E8C12C9BAB39}
		{CC937530-6B2A-4538-B764-71DFE8D84C89} = {89B14C12-C524-4BDC-B7DC-32F6A3D8E0A5}
		{2C2FBE4D-B211-473E-9A93-3393C5E3BC4F} = {89B14C12-C524-4BDC-B7DC-32F6A3D8E0A5}
		{49B581B8-58E2-4E1F-A0EF-1A83A9224B40} = {ECC412A1-998E-4715-BA83-E8C12C9BAB39}
		{944B3981-336E-4807-B5BE-55B8F05920D4} = {B6204FB0-DC48-4C02-8453-BAEF3D033ACB}
		{77EF1FBD-1484-45C8-B7B9-3C61E65E48BA} = {B6204FB0-DC48-4C02-8453-BAEF3D033ACB}
		{DCBA4154-B0E9-4D78-846B-7F8489EC6B59} = {ECC412A1-998E-4715-BA83-E8C12C9BAB39}
		{9ED3D83E-4963-469B-B98F-EDDE2D5AD2D9} = {4D08E485-9B7A-4B9B-9204-4289C1092C0D}
		{A74D60C0-9D16-4AA6-BC08-B54BEAF003C0} = {4D08E485-9B7A-4B9B-9204-4289C1092C0D}
		{B24F83C0-74C0-470B-A83B-6F1B8A83E0E2} = {A74D60C0-9D16-4AA6-BC08-B54BEAF003C0}
		{4CB3683E-0F7A-4121-979A-920473AC146E} = {F00DE4FE-8B9C-4F96-BEC0-BA21C67E158C}
		{5E35180D-1365-4A5E-96BF-5707110FAD01} = {4CB3683E-0F7A-4121-979A-920473AC146E}
		{F35DB834-493B-4083-8A24-BC2C8CC93474} = {4CB3683E-0F7A-4121-979A-920473AC146E}
		{67325DFE-3CBA-49AD-B9D8-E04CBCA6C7F8} = {F00DE4FE-8B9C-4F96-BEC0-BA21C67E158C}
		{45231916-6D39-4FD5-A232-40DAAFEA819B} = {89B14C12-C524-4BDC-B7DC-32F6A3D8E0A5}
		{3A51A60C-CC0C-43E9-9A48-FB251EDC1135} = {89B14C12-C524-4BDC-B7DC-32F6A3D8E0A5}
		{536EEEC1-C2EC-4F53-8E80-4A437264C6C0} = {4D08E485-9B7A-4B9B-9204-4289C1092C0D}
		{2D90E510-49EC-458D-99FC-C11DF3C6710C} = {9ED3D83E-4963-469B-B98F-EDDE2D5AD2D9}
		{E05720DB-A5FB-4A0C-9552-F3777E66FE29} = {ECC412A1-998E-4715-BA83-E8C12C9BAB39}
		{C42B961C-1C23-45DE-ABA7-410681BC7D13} = {F00DE4FE-8B9C-4F96-BEC0-BA21C67E158C}
		{7BE97D3D-F242-4AB9-8EEE-05B974E0E15E} = {F00DE4FE-8B9C-4F96-BEC0-BA21C67E158C}
		{97C48F86-2881-41CB-A4EE-802F62A6013F} = {C42B961C-1C23-45DE-ABA7-410681BC7D13}
		{04995791-355D-4E91-8006-E8783B2AB9D9} = {C42B961C-1C23-45DE-ABA7-410681BC7D13}
		{7B5C2843-DEDF-44AD-B02A-2AF72D78F2E9} = {F00DE4FE-8B9C-4F96-BEC0-BA21C67E158C}
		{7025CA4A-22FD-4343-B296-008060483193} = {F00DE4FE-8B9C-4F96-BEC0-BA21C67E158C}
		{AFB20F81-5A02-49EF-B968-4749A2BB4BD5} = {F00DE4FE-8B9C-4F96-BEC0-BA21C67E158C}
		{D36D1F7F-4D13-4944-9024-CC703F56FB75} = {F00DE4FE-8B9C-4F96-BEC0-BA21C67E158C}
		{70DDE3A9-B057-4AE0-842E-37917F633582} = {F00DE4FE-8B9C-4F96-BEC0-BA21C67E158C}
		{369EAD30-FD7E-465B-BCD3-C5AAD8898A12} = {ECC412A1-998E-4715-BA83-E8C12C9BAB39}
		{45660991-51C4-4972-916F-9F2D2227BC4A} = {4D08E485-9B7A-4B9B-9204-4289C1092C0D}
		{FC87D46C-9CE7-4E8F-BD3A-4F25A3FB8175} = {F00DE4FE-8B9C-4F96-BEC0-BA21C67E158C}
		{506A3438-E8EE-47F6-A4C8-FDF475EBAC1E} = {F00DE4FE-8B9C-4F96-BEC0-BA21C67E158C}
		{3797BA95-6625-4483-B63E-3B3F9B845DAB} = {F00DE4FE-8B9C-4F96-BEC0-BA21C67E158C}
		{5C5933E1-4992-47F8-87ED-7921735157BA} = {F00DE4FE-8B9C-4F96-BEC0-BA21C67E158C}
		{E308A1B2-DA99-4D69-A2E5-FF5B57E6EFC7} = {F00DE4FE-8B9C-4F96-BEC0-BA21C67E158C}
		{1FE31563-6F8F-4DEF-A552-EE9CF04C1C58} = {4D08E485-9B7A-4B9B-9204-4289C1092C0D}
		{98F7C4AF-2104-45E6-B205-EA364C317D2E} = {533CDA1C-8F77-4F1A-BFB2-E07C2755C77D}
		{0D2A44B0-A0F5-45AF-8509-602EE4E7745A} = {ECC412A1-998E-4715-BA83-E8C12C9BAB39}
	EndGlobalSection
	GlobalSection(ExtensibilityGlobals) = postSolution
		SolutionGuid = {38425CCD-9D0B-4DFB-B4D4-0434751AF145}
	EndGlobalSection
EndGlobal
