<?xml version="1.0" encoding="utf-8"?>
<Project ToolsVersion="4.0" xmlns="http://schemas.microsoft.com/developer/msbuild/2003">
  <ItemGroup>
    <ClCompile Include="pch.cpp">
      <Filter>Source</Filter>
    </ClCompile>
    <ClCompile Include="LinqTest.cpp">
      <Filter>Source</Filter>
    </ClCompile>
    <ClCompile Include="$(MSBuildThisFileDirectory)..\..\lib\native\src\gmock\gmock-all.cc">
      <Filter>Dependency</Filter>
    </ClCompile>
    <ClCompile Include="$(MSBuildThisFileDirectory)..\..\lib\native\src\gtest\gtest-all.cc">
      <Filter>Dependency</Filter>
    </ClCompile>
    <ClCompile Include="CopyTest.cpp">
      <Filter>Source</Filter>
    </ClCompile>
    <ClCompile Include="TestAVX2.cpp">
      <Filter>Source</Filter>
    </ClCompile>
    <ClCompile Include="TestAVX.cpp">
      <Filter>Source</Filter>
    </ClCompile>
    <ClCompile Include="TestSSE42.cpp">
      <Filter>Source</Filter>
    </ClCompile>
  </ItemGroup>
  <ItemGroup>
    <Filter Include="Source">
      <UniqueIdentifier>{afa13305-6718-4cb3-bec3-a5b865a15a6f}</UniqueIdentifier>
    </Filter>
    <Filter Include="Header">
      <UniqueIdentifier>{5fb8cf7c-570f-4ac8-83da-21af3611c811}</UniqueIdentifier>
    </Filter>
    <Filter Include="Dependency">
      <UniqueIdentifier>{9a4ed251-e0df-4eb2-9528-19d1dbf74425}</UniqueIdentifier>
    </Filter>
  </ItemGroup>
  <ItemGroup>
    <ClInclude Include="pch.h">
      <Filter>Header</Filter>
    </ClInclude>
    <ClInclude Include="CopyTest.h">
      <Filter>Header</Filter>
    </ClInclude>
    <ClInclude Include="ShuffleTest.h">
      <Filter>Header</Filter>
    </ClInclude>
  </ItemGroup>
  <ItemGroup>
    <None Include="packages.config">
      <Filter>Dependency</Filter>
    </None>
    <None Include="xzbuild.proj.json" />
  </ItemGroup>
</Project>