<?xml version="1.0" encoding="utf-8"?>
<Project ToolsVersion="4.0" xmlns="http://schemas.microsoft.com/developer/msbuild/2003">
  <ItemGroup>
    <Filter Include="源文件">
      <UniqueIdentifier>{4FC737F1-C7A5-4376-A066-2A32D752A2FF}</UniqueIdentifier>
      <Extensions>cpp;c;cc;cxx;def;odl;idl;hpj;bat;asm;asmx</Extensions>
    </Filter>
    <Filter Include="头文件">
      <UniqueIdentifier>{93995380-89BD-4b04-88EB-625FBE52EBFB}</UniqueIdentifier>
      <Extensions>h;hh;hpp;hxx;hm;inl;inc;xsd</Extensions>
    </Filter>
    <Filter Include="资源文件">
      <UniqueIdentifier>{67DA6AB6-F800-4c08-8B7A-83BB121AAD01}</UniqueIdentifier>
      <Extensions>rc;ico;cur;bmp;dlg;rc2;rct;bin;rgs;gif;jpg;jpeg;jpe;resx;tiff;tif;png;wav;mfcribbon-ms</Extensions>
    </Filter>
    <Filter Include="Model">
      <UniqueIdentifier>{c6d7eebc-82da-4f00-b8c7-9fc17d342438}</UniqueIdentifier>
    </Filter>
    <Filter Include="Shader">
      <UniqueIdentifier>{1a1ff23e-52d1-490a-bb06-683518312013}</UniqueIdentifier>
    </Filter>
  </ItemGroup>
  <ItemGroup>
    <None Include="test.cl" />
    <None Include="2d.glsl">
      <Filter>Shader</Filter>
    </None>
    <None Include="3d.glsl">
      <Filter>Shader</Filter>
    </None>
    <None Include="3d_pbr.glsl">
      <Filter>Shader</Filter>
    </None>
    <None Include="postprocess.glsl">
      <Filter>Shader</Filter>
    </None>
    <None Include="shadow.glsl">
      <Filter>Shader</Filter>
    </None>
  </ItemGroup>
  <ItemGroup>
    <ClInclude Include="resource.h">
      <Filter>头文件</Filter>
    </ClInclude>
    <ClInclude Include="RenderCore.h">
      <Filter>头文件</Filter>
    </ClInclude>
    <ClInclude Include="RenderCoreRely.h">
      <Filter>头文件</Filter>
    </ClInclude>
    <ClInclude Include="RenderElement.h">
      <Filter>头文件</Filter>
    </ClInclude>
    <ClInclude Include="Basic3DObject.h">
      <Filter>头文件</Filter>
    </ClInclude>
    <ClInclude Include="BasicTest.h">
      <Filter>头文件</Filter>
    </ClInclude>
    <ClInclude Include="Model.h">
      <Filter>头文件</Filter>
    </ClInclude>
    <ClInclude Include="Model\ModelImage.h">
      <Filter>Model</Filter>
    </ClInclude>
    <ClInclude Include="Material.h">
      <Filter>头文件</Filter>
    </ClInclude>
    <ClInclude Include="Model\OBJLoader.hpp">
      <Filter>Model</Filter>
    </ClInclude>
    <ClInclude Include="Model\ModelMesh.h">
      <Filter>Model</Filter>
    </ClInclude>
    <ClInclude Include="Model\MTLLoader.hpp">
      <Filter>Model</Filter>
    </ClInclude>
    <ClInclude Include="ShadowMapping.h">
      <Filter>头文件</Filter>
    </ClInclude>
    <ClInclude Include="Light.h">
      <Filter>头文件</Filter>
    </ClInclude>
    <ClInclude Include="ThumbnailManager.h">
      <Filter>头文件</Filter>
    </ClInclude>
  </ItemGroup>
  <ItemGroup>
    <ResourceCompile Include="Resource.rc">
      <Filter>资源文件</Filter>
    </ResourceCompile>
  </ItemGroup>
  <ItemGroup>
    <ClCompile Include="RenderCore.cpp">
      <Filter>源文件</Filter>
    </ClCompile>
    <ClCompile Include="RenderElement.cpp">
      <Filter>源文件</Filter>
    </ClCompile>
    <ClCompile Include="Basic3DObject.cpp">
      <Filter>源文件</Filter>
    </ClCompile>
    <ClCompile Include="BasicTest.cpp">
      <Filter>源文件</Filter>
    </ClCompile>
    <ClCompile Include="Model.cpp">
      <Filter>源文件</Filter>
    </ClCompile>
    <ClCompile Include="dllmain.cpp">
      <Filter>源文件</Filter>
    </ClCompile>
    <ClCompile Include="RenderCoreRely.cpp">
      <Filter>源文件</Filter>
    </ClCompile>
    <ClCompile Include="Model\ModelImage.cpp">
      <Filter>Model</Filter>
    </ClCompile>
    <ClCompile Include="Material.cpp">
      <Filter>源文件</Filter>
    </ClCompile>
    <ClCompile Include="Model\ModelMesh.cpp">
      <Filter>Model</Filter>
    </ClCompile>
    <ClCompile Include="ShadowMapping.cpp">
      <Filter>源文件</Filter>
    </ClCompile>
    <ClCompile Include="Light.cpp">
      <Filter>源文件</Filter>
    </ClCompile>
    <ClCompile Include="ThumbnailManager.cpp">
      <Filter>源文件</Filter>
    </ClCompile>
  </ItemGroup>
</Project>