<?xml version="1.0" encoding="utf-8"?>
<Project ToolsVersion="4.0" xmlns="http://schemas.microsoft.com/developer/msbuild/2003">
  <ItemGroup>
    <Filter Include="源文件">
      <UniqueIdentifier>{4FC737F1-C7A5-4376-A066-2A32D752A2FF}</UniqueIdentifier>
      <Extensions>cpp;c;cc;cxx;def;odl;idl;hpj;bat;asm;asmx</Extensions>
    </Filter>
    <Filter Include="头文件">
      <UniqueIdentifier>{93995380-89BD-4b04-88EB-625FBE52EBFB}</UniqueIdentifier>
      <Extensions>h;hh;hpp;hxx;hm;inl;inc;ipp;xsd</Extensions>
    </Filter>
    <Filter Include="资源文件">
      <UniqueIdentifier>{67DA6AB6-F800-4c08-8B7A-83BB121AAD01}</UniqueIdentifier>
      <Extensions>rc;ico;cur;bmp;dlg;rc2;rct;bin;rgs;gif;jpg;jpeg;jpe;resx;tiff;tif;png;wav;mfcribbon-ms</Extensions>
    </Filter>
  </ItemGroup>
  <ItemGroup>
    <ClCompile Include="AsyncManager.cpp">
      <Filter>源文件</Filter>
    </ClCompile>
    <ClCompile Include="LoopBase.cpp">
      <Filter>源文件</Filter>
    </ClCompile>
    <ClCompile Include="ThreadEx.cpp">
      <Filter>源文件</Filter>
    </ClCompile>
    <ClCompile Include="ConsoleEx.cpp">
      <Filter>源文件</Filter>
    </ClCompile>
    <ClCompile Include="FileEx.cpp">
      <Filter>源文件</Filter>
    </ClCompile>
    <ClCompile Include="FileMapperEx.cpp">
      <Filter>源文件</Filter>
    </ClCompile>
    <ClCompile Include="RawFileEx.cpp">
      <Filter>源文件</Filter>
    </ClCompile>
    <ClCompile Include="SystemCommonRely.cpp">
      <Filter>源文件</Filter>
    </ClCompile>
    <ClCompile Include="PromiseTask.cpp">
      <Filter>源文件</Filter>
    </ClCompile>
    <ClCompile Include="ErrorCodeHelper.cpp">
      <Filter>源文件</Filter>
    </ClCompile>
    <ClCompile Include="StackTrace.cpp">
      <Filter>源文件</Filter>
    </ClCompile>
    <ClCompile Include="MiniLogger.cpp">
      <Filter>源文件</Filter>
    </ClCompile>
    <ClCompile Include="ObjCHelper.cpp">
      <Filter>源文件</Filter>
    </ClCompile>
    <ClCompile Include="StringConvert.cpp">
      <Filter>源文件</Filter>
    </ClCompile>
    <ClCompile Include="StringDetect.cpp">
      <Filter>源文件</Filter>
    </ClCompile>
    <ClCompile Include="DynamicLibrary.cpp">
      <Filter>源文件</Filter>
    </ClCompile>
    <ClCompile Include="Exceptions.cpp">
      <Filter>源文件</Filter>
    </ClCompile>
    <ClCompile Include="Format.cpp">
      <Filter>源文件</Filter>
    </ClCompile>
    <ClCompile Include="UnInterface.cpp">
      <Filter>源文件</Filter>
    </ClCompile>
    <ClCompile Include="FastPathAVX2.cpp">
      <Filter>源文件</Filter>
    </ClCompile>
    <ClCompile Include="FastPathAVX512.cpp">
      <Filter>源文件</Filter>
    </ClCompile>
    <ClCompile Include="FastPathSSE42.cpp">
      <Filter>源文件</Filter>
    </ClCompile>
    <ClCompile Include="FastPathIntrins.cpp">
      <Filter>源文件</Filter>
    </ClCompile>
    <ClCompile Include="FastPathARMA32.cpp">
      <Filter>源文件</Filter>
    </ClCompile>
    <ClCompile Include="FastPathARMA64.cpp">
      <Filter>源文件</Filter>
    </ClCompile>
    <ClCompile Include="CharConvs.cpp">
      <Filter>源文件</Filter>
    </ClCompile>
  </ItemGroup>
  <ItemGroup>
    <ClInclude Include="SystemCommonRely.h">
      <Filter>头文件</Filter>
    </ClInclude>
    <ClInclude Include="AsyncAgent.h">
      <Filter>头文件</Filter>
    </ClInclude>
    <ClInclude Include="AsyncManager.h">
      <Filter>头文件</Filter>
    </ClInclude>
    <ClInclude Include="LoopBase.h">
      <Filter>头文件</Filter>
    </ClInclude>
    <ClInclude Include="ThreadEx.h">
      <Filter>头文件</Filter>
    </ClInclude>
    <ClInclude Include="ConsoleEx.h">
      <Filter>头文件</Filter>
    </ClInclude>
    <ClInclude Include="FileEx.h">
      <Filter>头文件</Filter>
    </ClInclude>
    <ClInclude Include="FileMapperEx.h">
      <Filter>头文件</Filter>
    </ClInclude>
    <ClInclude Include="RawFileEx.h">
      <Filter>头文件</Filter>
    </ClInclude>
    <ClInclude Include="SystemCommonPch.h">
      <Filter>头文件</Filter>
    </ClInclude>
    <ClInclude Include="MiscIntrins.h">
      <Filter>头文件</Filter>
    </ClInclude>
    <ClInclude Include="PromiseTask.h">
      <Filter>头文件</Filter>
    </ClInclude>
    <ClInclude Include="PromiseTaskSTD.h">
      <Filter>头文件</Filter>
    </ClInclude>
    <ClInclude Include="ErrorCodeHelper.h">
      <Filter>头文件</Filter>
    </ClInclude>
    <ClInclude Include="StackTrace.h">
      <Filter>头文件</Filter>
    </ClInclude>
    <ClInclude Include="CopyEx.h">
      <Filter>头文件</Filter>
    </ClInclude>
    <ClInclude Include="RuntimeFastPath.h">
      <Filter>头文件</Filter>
    </ClInclude>
    <ClInclude Include="MiniLogger.h">
      <Filter>头文件</Filter>
    </ClInclude>
    <ClInclude Include="MiniLoggerBackend.h">
      <Filter>头文件</Filter>
    </ClInclude>
    <ClInclude Include="NSFoundation.h">
      <Filter>头文件</Filter>
    </ClInclude>
    <ClInclude Include="ObjCHelper.h">
      <Filter>头文件</Filter>
    </ClInclude>
    <ClInclude Include="Exceptions.h">
      <Filter>头文件</Filter>
    </ClInclude>
    <ClInclude Include="StringConvert.h">
      <Filter>头文件</Filter>
    </ClInclude>
    <ClInclude Include="StringDetect.h">
      <Filter>头文件</Filter>
    </ClInclude>
    <ClInclude Include="StringFormat.h">
      <Filter>头文件</Filter>
    </ClInclude>
    <ClInclude Include="StrEncoding.hpp">
      <Filter>头文件</Filter>
    </ClInclude>
    <ClInclude Include="Format.h">
      <Filter>头文件</Filter>
    </ClInclude>
    <ClInclude Include="DynamicLibrary.h">
      <Filter>头文件</Filter>
    </ClInclude>
    <ClInclude Include="FormatInclude.h">
      <Filter>头文件</Filter>
    </ClInclude>
    <ClInclude Include="SpinLock.h">
      <Filter>头文件</Filter>
    </ClInclude>
    <ClInclude Include="StrEncodingBase.hpp">
      <Filter>头文件</Filter>
    </ClInclude>
    <ClInclude Include="FormatExtra.h">
      <Filter>头文件</Filter>
    </ClInclude>
    <ClInclude Include="UnInterface.h">
      <Filter>头文件</Filter>
    </ClInclude>
    <ClInclude Include="Date.h">
      <Filter>头文件</Filter>
    </ClInclude>
    <ClInclude Include="Delegate.h">
      <Filter>头文件</Filter>
    </ClInclude>
    <ClInclude Include="FastPathCategory.h">
      <Filter>头文件</Filter>
    </ClInclude>
    <ClInclude Include="CharConvs.h">
      <Filter>头文件</Filter>
    </ClInclude>
  </ItemGroup>
  <ItemGroup>
    <None Include="xzbuild.proj.json" />
    <None Include="README.md" />
    <None Include="StringUtil.md" />
    <None Include="AsyncExecutor.md" />
    <None Include="MiniLogger.md" />
    <None Include="CopyExIntrin.inl">
      <Filter>头文件</Filter>
    </None>
    <None Include="MiscIntrins.inl">
      <Filter>头文件</Filter>
    </None>
  </ItemGroup>
  <ItemGroup>
    <Natvis Include="AsyncExecutor.natvis" />
    <Natvis Include="Exceptions.natvis" />
    <Natvis Include="FileStream.natvis" />
    <Natvis Include="MiniLogger.natvis" />
    <Natvis Include="PromiseTask.natvis" />
  </ItemGroup>
</Project>